// !$*UTF8*$!
{
	archiveVersion = 1;
	classes = {
	};
	objectVersion = 50;
	objects = {

/* Begin PBXBuildFile section */
		4D4E231F23E456CA006009A6 /* AppDelegate.swift in Sources */ = {isa = PBXBuildFile; fileRef = 4D4E231E23E456CA006009A6 /* AppDelegate.swift */; };
		4D4E232123E456CA006009A6 /* SceneDelegate.swift in Sources */ = {isa = PBXBuildFile; fileRef = 4D4E232023E456CA006009A6 /* SceneDelegate.swift */; };
		4D4E232323E456CA006009A6 /* ViewController.swift in Sources */ = {isa = PBXBuildFile; fileRef = 4D4E232223E456CA006009A6 /* ViewController.swift */; };
		4D4E232623E456CA006009A6 /* Main.storyboard in Resources */ = {isa = PBXBuildFile; fileRef = 4D4E232423E456CA006009A6 /* Main.storyboard */; };
		4D4E232823E456D1006009A6 /* Assets.xcassets in Resources */ = {isa = PBXBuildFile; fileRef = 4D4E232723E456D1006009A6 /* Assets.xcassets */; };
		4D4E232B23E456D1006009A6 /* LaunchScreen.storyboard in Resources */ = {isa = PBXBuildFile; fileRef = 4D4E232923E456D1006009A6 /* LaunchScreen.storyboard */; };
		4D4E233623E456D2006009A6 /* GitHubTestTests.swift in Sources */ = {isa = PBXBuildFile; fileRef = 4D4E233523E456D2006009A6 /* GitHubTestTests.swift */; };
		4D4E234123E456D2006009A6 /* GitHubTestUITests.swift in Sources */ = {isa = PBXBuildFile; fileRef = 4D4E234023E456D2006009A6 /* GitHubTestUITests.swift */; };
/* End PBXBuildFile section */

/* Begin PBXContainerItemProxy section */
		4D4E233223E456D2006009A6 /* PBXContainerItemProxy */ = {
			isa = PBXContainerItemProxy;
			containerPortal = 4D4E231323E456CA006009A6 /* Project object */;
			proxyType = 1;
			remoteGlobalIDString = 4D4E231A23E456CA006009A6;
			remoteInfo = GitHubTest;
		};
		4D4E233D23E456D2006009A6 /* PBXContainerItemProxy */ = {
			isa = PBXContainerItemProxy;
			containerPortal = 4D4E231323E456CA006009A6 /* Project object */;
			proxyType = 1;
			remoteGlobalIDString = 4D4E231A23E456CA006009A6;
			remoteInfo = GitHubTest;
		};
/* End PBXContainerItemProxy section */

/* Begin PBXFileReference section */
		4D4E231B23E456CA006009A6 /* GitHubTest.app */ = {isa = PBXFileReference; explicitFileType = wrapper.application; includeInIndex = 0; path = GitHubTest.app; sourceTree = BUILT_PRODUCTS_DIR; };
		4D4E231E23E456CA006009A6 /* AppDelegate.swift */ = {isa = PBXFileReference; lastKnownFileType = sourcecode.swift; path = AppDelegate.swift; sourceTree = "<group>"; };
		4D4E232023E456CA006009A6 /* SceneDelegate.swift */ = {isa = PBXFileReference; lastKnownFileType = sourcecode.swift; path = SceneDelegate.swift; sourceTree = "<group>"; };
		4D4E232223E456CA006009A6 /* ViewController.swift */ = {isa = PBXFileReference; lastKnownFileType = sourcecode.swift; path = ViewController.swift; sourceTree = "<group>"; };
		4D4E232523E456CA006009A6 /* Base */ = {isa = PBXFileReference; lastKnownFileType = file.storyboard; name = Base; path = Base.lproj/Main.storyboard; sourceTree = "<group>"; };
		4D4E232723E456D1006009A6 /* Assets.xcassets */ = {isa = PBXFileReference; lastKnownFileType = folder.assetcatalog; path = Assets.xcassets; sourceTree = "<group>"; };
		4D4E232A23E456D1006009A6 /* Base */ = {isa = PBXFileReference; lastKnownFileType = file.storyboard; name = Base; path = Base.lproj/LaunchScreen.storyboard; sourceTree = "<group>"; };
		4D4E232C23E456D1006009A6 /* Info.plist */ = {isa = PBXFileReference; lastKnownFileType = text.plist.xml; path = Info.plist; sourceTree = "<group>"; };
		4D4E233123E456D2006009A6 /* GitHubTestTests.xctest */ = {isa = PBXFileReference; explicitFileType = wrapper.cfbundle; includeInIndex = 0; path = GitHubTestTests.xctest; sourceTree = BUILT_PRODUCTS_DIR; };
		4D4E233523E456D2006009A6 /* GitHubTestTests.swift */ = {isa = PBXFileReference; lastKnownFileType = sourcecode.swift; path = GitHubTestTests.swift; sourceTree = "<group>"; };
		4D4E233723E456D2006009A6 /* Info.plist */ = {isa = PBXFileReference; lastKnownFileType = text.plist.xml; path = Info.plist; sourceTree = "<group>"; };
		4D4E233C23E456D2006009A6 /* GitHubTestUITests.xctest */ = {isa = PBXFileReference; explicitFileType = wrapper.cfbundle; includeInIndex = 0; path = GitHubTestUITests.xctest; sourceTree = BUILT_PRODUCTS_DIR; };
		4D4E234023E456D2006009A6 /* GitHubTestUITests.swift */ = {isa = PBXFileReference; lastKnownFileType = sourcecode.swift; path = GitHubTestUITests.swift; sourceTree = "<group>"; };
		4D4E234223E456D2006009A6 /* Info.plist */ = {isa = PBXFileReference; lastKnownFileType = text.plist.xml; path = Info.plist; sourceTree = "<group>"; };
/* End PBXFileReference section */

/* Begin PBXFrameworksBuildPhase section */
		4D4E231823E456CA006009A6 /* Frameworks */ = {
			isa = PBXFrameworksBuildPhase;
			buildActionMask = 2147483647;
			files = (
			);
			runOnlyForDeploymentPostprocessing = 0;
		};
		4D4E232E23E456D2006009A6 /* Frameworks */ = {
			isa = PBXFrameworksBuildPhase;
			buildActionMask = 2147483647;
			files = (
			);
			runOnlyForDeploymentPostprocessing = 0;
		};
		4D4E233923E456D2006009A6 /* Frameworks */ = {
			isa = PBXFrameworksBuildPhase;
			buildActionMask = 2147483647;
			files = (
			);
			runOnlyForDeploymentPostprocessing = 0;
		};
/* End PBXFrameworksBuildPhase section */

/* Begin PBXGroup section */
		4D4E231223E456CA006009A6 = {
			isa = PBXGroup;
			children = (
				4D4E231D23E456CA006009A6 /* GitHubTest */,
				4D4E233423E456D2006009A6 /* GitHubTestTests */,
				4D4E233F23E456D2006009A6 /* GitHubTestUITests */,
				4D4E231C23E456CA006009A6 /* Products */,
			);
			sourceTree = "<group>";
		};
		4D4E231C23E456CA006009A6 /* Products */ = {
			isa = PBXGroup;
			children = (
				4D4E231B23E456CA006009A6 /* GitHubTest.app */,
				4D4E233123E456D2006009A6 /* GitHubTestTests.xctest */,
				4D4E233C23E456D2006009A6 /* GitHubTestUITests.xctest */,
			);
			name = Products;
			sourceTree = "<group>";
		};
		4D4E231D23E456CA006009A6 /* GitHubTest */ = {
			isa = PBXGroup;
			children = (
				4D4E231E23E456CA006009A6 /* AppDelegate.swift */,
				4D4E232023E456CA006009A6 /* SceneDelegate.swift */,
				4D4E232223E456CA006009A6 /* ViewController.swift */,
				4D4E232423E456CA006009A6 /* Main.storyboard */,
				4D4E232723E456D1006009A6 /* Assets.xcassets */,
				4D4E232923E456D1006009A6 /* LaunchScreen.storyboard */,
				4D4E232C23E456D1006009A6 /* Info.plist */,
			);
			path = GitHubTest;
			sourceTree = "<group>";
		};
		4D4E233423E456D2006009A6 /* GitHubTestTests */ = {
			isa = PBXGroup;
			children = (
				4D4E233523E456D2006009A6 /* GitHubTestTests.swift */,
				4D4E233723E456D2006009A6 /* Info.plist */,
			);
			path = GitHubTestTests;
			sourceTree = "<group>";
		};
		4D4E233F23E456D2006009A6 /* GitHubTestUITests */ = {
			isa = PBXGroup;
			children = (
				4D4E234023E456D2006009A6 /* GitHubTestUITests.swift */,
				4D4E234223E456D2006009A6 /* Info.plist */,
			);
			path = GitHubTestUITests;
			sourceTree = "<group>";
		};
/* End PBXGroup section */

/* Begin PBXNativeTarget section */
		4D4E231A23E456CA006009A6 /* GitHubTest */ = {
			isa = PBXNativeTarget;
			buildConfigurationList = 4D4E234523E456D2006009A6 /* Build configuration list for PBXNativeTarget "GitHubTest" */;
			buildPhases = (
				4D4E231723E456CA006009A6 /* Sources */,
				4D4E231823E456CA006009A6 /* Frameworks */,
				4D4E231923E456CA006009A6 /* Resources */,
			);
			buildRules = (
			);
			dependencies = (
			);
			name = GitHubTest;
			productName = GitHubTest;
			productReference = 4D4E231B23E456CA006009A6 /* GitHubTest.app */;
			productType = "com.apple.product-type.application";
		};
		4D4E233023E456D2006009A6 /* GitHubTestTests */ = {
			isa = PBXNativeTarget;
			buildConfigurationList = 4D4E234823E456D2006009A6 /* Build configuration list for PBXNativeTarget "GitHubTestTests" */;
			buildPhases = (
				4D4E232D23E456D2006009A6 /* Sources */,
				4D4E232E23E456D2006009A6 /* Frameworks */,
				4D4E232F23E456D2006009A6 /* Resources */,
			);
			buildRules = (
			);
			dependencies = (
				4D4E233323E456D2006009A6 /* PBXTargetDependency */,
			);
			name = GitHubTestTests;
			productName = GitHubTestTests;
			productReference = 4D4E233123E456D2006009A6 /* GitHubTestTests.xctest */;
			productType = "com.apple.product-type.bundle.unit-test";
		};
		4D4E233B23E456D2006009A6 /* GitHubTestUITests */ = {
			isa = PBXNativeTarget;
			buildConfigurationList = 4D4E234B23E456D2006009A6 /* Build configuration list for PBXNativeTarget "GitHubTestUITests" */;
			buildPhases = (
				4D4E233823E456D2006009A6 /* Sources */,
				4D4E233923E456D2006009A6 /* Frameworks */,
				4D4E233A23E456D2006009A6 /* Resources */,
			);
			buildRules = (
			);
			dependencies = (
				4D4E233E23E456D2006009A6 /* PBXTargetDependency */,
			);
			name = GitHubTestUITests;
			productName = GitHubTestUITests;
			productReference = 4D4E233C23E456D2006009A6 /* GitHubTestUITests.xctest */;
			productType = "com.apple.product-type.bundle.ui-testing";
		};
/* End PBXNativeTarget section */

/* Begin PBXProject section */
		4D4E231323E456CA006009A6 /* Project object */ = {
			isa = PBXProject;
			attributes = {
				LastSwiftUpdateCheck = 1120;
				LastUpgradeCheck = 1120;
				ORGANIZATIONNAME = "Alexander Levinson (student LM)";
				TargetAttributes = {
					4D4E231A23E456CA006009A6 = {
						CreatedOnToolsVersion = 11.2.1;
					};
					4D4E233023E456D2006009A6 = {
						CreatedOnToolsVersion = 11.2.1;
						TestTargetID = 4D4E231A23E456CA006009A6;
					};
					4D4E233B23E456D2006009A6 = {
						CreatedOnToolsVersion = 11.2.1;
						TestTargetID = 4D4E231A23E456CA006009A6;
					};
				};
			};
			buildConfigurationList = 4D4E231623E456CA006009A6 /* Build configuration list for PBXProject "GitHubTest" */;
			compatibilityVersion = "Xcode 9.3";
			developmentRegion = en;
			hasScannedForEncodings = 0;
			knownRegions = (
				en,
				Base,
			);
			mainGroup = 4D4E231223E456CA006009A6;
			productRefGroup = 4D4E231C23E456CA006009A6 /* Products */;
			projectDirPath = "";
			projectRoot = "";
			targets = (
				4D4E231A23E456CA006009A6 /* GitHubTest */,
				4D4E233023E456D2006009A6 /* GitHubTestTests */,
				4D4E233B23E456D2006009A6 /* GitHubTestUITests */,
			);
		};
/* End PBXProject section */

/* Begin PBXResourcesBuildPhase section */
		4D4E231923E456CA006009A6 /* Resources */ = {
			isa = PBXResourcesBuildPhase;
			buildActionMask = 2147483647;
			files = (
				4D4E232B23E456D1006009A6 /* LaunchScreen.storyboard in Resources */,
				4D4E232823E456D1006009A6 /* Assets.xcassets in Resources */,
				4D4E232623E456CA006009A6 /* Main.storyboard in Resources */,
			);
			runOnlyForDeploymentPostprocessing = 0;
		};
		4D4E232F23E456D2006009A6 /* Resources */ = {
			isa = PBXResourcesBuildPhase;
			buildActionMask = 2147483647;
			files = (
			);
			runOnlyForDeploymentPostprocessing = 0;
		};
		4D4E233A23E456D2006009A6 /* Resources */ = {
			isa = PBXResourcesBuildPhase;
			buildActionMask = 2147483647;
			files = (
			);
			runOnlyForDeploymentPostprocessing = 0;
		};
/* End PBXResourcesBuildPhase section */

/* Begin PBXSourcesBuildPhase section */
		4D4E231723E456CA006009A6 /* Sources */ = {
			isa = PBXSourcesBuildPhase;
			buildActionMask = 2147483647;
			files = (
				4D4E232323E456CA006009A6 /* ViewController.swift in Sources */,
				4D4E231F23E456CA006009A6 /* AppDelegate.swift in Sources */,
				4D4E232123E456CA006009A6 /* SceneDelegate.swift in Sources */,
			);
			runOnlyForDeploymentPostprocessing = 0;
		};
		4D4E232D23E456D2006009A6 /* Sources */ = {
			isa = PBXSourcesBuildPhase;
			buildActionMask = 2147483647;
			files = (
				4D4E233623E456D2006009A6 /* GitHubTestTests.swift in Sources */,
			);
			runOnlyForDeploymentPostprocessing = 0;
		};
		4D4E233823E456D2006009A6 /* Sources */ = {
			isa = PBXSourcesBuildPhase;
			buildActionMask = 2147483647;
			files = (
				4D4E234123E456D2006009A6 /* GitHubTestUITests.swift in Sources */,
			);
			runOnlyForDeploymentPostprocessing = 0;
		};
/* End PBXSourcesBuildPhase section */

/* Begin PBXTargetDependency section */
		4D4E233323E456D2006009A6 /* PBXTargetDependency */ = {
			isa = PBXTargetDependency;
			target = 4D4E231A23E456CA006009A6 /* GitHubTest */;
			targetProxy = 4D4E233223E456D2006009A6 /* PBXContainerItemProxy */;
		};
		4D4E233E23E456D2006009A6 /* PBXTargetDependency */ = {
			isa = PBXTargetDependency;
			target = 4D4E231A23E456CA006009A6 /* GitHubTest */;
			targetProxy = 4D4E233D23E456D2006009A6 /* PBXContainerItemProxy */;
		};
/* End PBXTargetDependency section */

/* Begin PBXVariantGroup section */
		4D4E232423E456CA006009A6 /* Main.storyboard */ = {
			isa = PBXVariantGroup;
			children = (
				4D4E232523E456CA006009A6 /* Base */,
			);
			name = Main.storyboard;
			sourceTree = "<group>";
		};
		4D4E232923E456D1006009A6 /* LaunchScreen.storyboard */ = {
			isa = PBXVariantGroup;
			children = (
				4D4E232A23E456D1006009A6 /* Base */,
			);
			name = LaunchScreen.storyboard;
			sourceTree = "<group>";
		};
/* End PBXVariantGroup section */

/* Begin XCBuildConfiguration section */
		4D4E234323E456D2006009A6 /* Debug */ = {
			isa = XCBuildConfiguration;
			buildSettings = {
				ALWAYS_SEARCH_USER_PATHS = NO;
				CLANG_ANALYZER_NONNULL = YES;
				CLANG_ANALYZER_NUMBER_OBJECT_CONVERSION = YES_AGGRESSIVE;
				CLANG_CXX_LANGUAGE_STANDARD = "gnu++14";
				CLANG_CXX_LIBRARY = "libc++";
				CLANG_ENABLE_MODULES = YES;
				CLANG_ENABLE_OBJC_ARC = YES;
				CLANG_ENABLE_OBJC_WEAK = YES;
				CLANG_WARN_BLOCK_CAPTURE_AUTORELEASING = YES;
				CLANG_WARN_BOOL_CONVERSION = YES;
				CLANG_WARN_COMMA = YES;
				CLANG_WARN_CONSTANT_CONVERSION = YES;
				CLANG_WARN_DEPRECATED_OBJC_IMPLEMENTATIONS = YES;
				CLANG_WARN_DIRECT_OBJC_ISA_USAGE = YES_ERROR;
				CLANG_WARN_DOCUMENTATION_COMMENTS = YES;
				CLANG_WARN_EMPTY_BODY = YES;
				CLANG_WARN_ENUM_CONVERSION = YES;
				CLANG_WARN_INFINITE_RECURSION = YES;
				CLANG_WARN_INT_CONVERSION = YES;
				CLANG_WARN_NON_LITERAL_NULL_CONVERSION = YES;
				CLANG_WARN_OBJC_IMPLICIT_RETAIN_SELF = YES;
				CLANG_WARN_OBJC_LITERAL_CONVERSION = YES;
				CLANG_WARN_OBJC_ROOT_CLASS = YES_ERROR;
				CLANG_WARN_RANGE_LOOP_ANALYSIS = YES;
				CLANG_WARN_STRICT_PROTOTYPES = YES;
				CLANG_WARN_SUSPICIOUS_MOVE = YES;
				CLANG_WARN_UNGUARDED_AVAILABILITY = YES_AGGRESSIVE;
				CLANG_WARN_UNREACHABLE_CODE = YES;
				CLANG_WARN__DUPLICATE_METHOD_MATCH = YES;
				COPY_PHASE_STRIP = NO;
				DEBUG_INFORMATION_FORMAT = dwarf;
				ENABLE_STRICT_OBJC_MSGSEND = YES;
				ENABLE_TESTABILITY = YES;
				GCC_C_LANGUAGE_STANDARD = gnu11;
				GCC_DYNAMIC_NO_PIC = NO;
				GCC_NO_COMMON_BLOCKS = YES;
				GCC_OPTIMIZATION_LEVEL = 0;
				GCC_PREPROCESSOR_DEFINITIONS = (
					"DEBUG=1",
					"$(inherited)",
				);
				GCC_WARN_64_TO_32_BIT_CONVERSION = YES;
				GCC_WARN_ABOUT_RETURN_TYPE = YES_ERROR;
				GCC_WARN_UNDECLARED_SELECTOR = YES;
				GCC_WARN_UNINITIALIZED_AUTOS = YES_AGGRESSIVE;
				GCC_WARN_UNUSED_FUNCTION = YES;
				GCC_WARN_UNUSED_VARIABLE = YES;
				IPHONEOS_DEPLOYMENT_TARGET = 13.2;
				MTL_ENABLE_DEBUG_INFO = INCLUDE_SOURCE;
				MTL_FAST_MATH = YES;
				ONLY_ACTIVE_ARCH = YES;
				SDKROOT = iphoneos;
				SWIFT_ACTIVE_COMPILATION_CONDITIONS = DEBUG;
				SWIFT_OPTIMIZATION_LEVEL = "-Onone";
			};
			name = Debug;
		};
		4D4E234423E456D2006009A6 /* Release */ = {
			isa = XCBuildConfiguration;
			buildSettings = {
				ALWAYS_SEARCH_USER_PATHS = NO;
				CLANG_ANALYZER_NONNULL = YES;
				CLANG_ANALYZER_NUMBER_OBJECT_CONVERSION = YES_AGGRESSIVE;
				CLANG_CXX_LANGUAGE_STANDARD = "gnu++14";
				CLANG_CXX_LIBRARY = "libc++";
				CLANG_ENABLE_MODULES = YES;
				CLANG_ENABLE_OBJC_ARC = YES;
				CLANG_ENABLE_OBJC_WEAK = YES;
				CLANG_WARN_BLOCK_CAPTURE_AUTORELEASING = YES;
				CLANG_WARN_BOOL_CONVERSION = YES;
				CLANG_WARN_COMMA = YES;
				CLANG_WARN_CONSTANT_CONVERSION = YES;
				CLANG_WARN_DEPRECATED_OBJC_IMPLEMENTATIONS = YES;
				CLANG_WARN_DIRECT_OBJC_ISA_USAGE = YES_ERROR;
				CLANG_WARN_DOCUMENTATION_COMMENTS = YES;
				CLANG_WARN_EMPTY_BODY = YES;
				CLANG_WARN_ENUM_CONVERSION = YES;
				CLANG_WARN_INFINITE_RECURSION = YES;
				CLANG_WARN_INT_CONVERSION = YES;
				CLANG_WARN_NON_LITERAL_NULL_CONVERSION = YES;
				CLANG_WARN_OBJC_IMPLICIT_RETAIN_SELF = YES;
				CLANG_WARN_OBJC_LITERAL_CONVERSION = YES;
				CLANG_WARN_OBJC_ROOT_CLASS = YES_ERROR;
				CLANG_WARN_RANGE_LOOP_ANALYSIS = YES;
				CLANG_WARN_STRICT_PROTOTYPES = YES;
				CLANG_WARN_SUSPICIOUS_MOVE = YES;
				CLANG_WARN_UNGUARDED_AVAILABILITY = YES_AGGRESSIVE;
				CLANG_WARN_UNREACHABLE_CODE = YES;
				CLANG_WARN__DUPLICATE_METHOD_MATCH = YES;
				COPY_PHASE_STRIP = NO;
				DEBUG_INFORMATION_FORMAT = "dwarf-with-dsym";
				ENABLE_NS_ASSERTIONS = NO;
				ENABLE_STRICT_OBJC_MSGSEND = YES;
				GCC_C_LANGUAGE_STANDARD = gnu11;
				GCC_NO_COMMON_BLOCKS = YES;
				GCC_WARN_64_TO_32_BIT_CONVERSION = YES;
				GCC_WARN_ABOUT_RETURN_TYPE = YES_ERROR;
				GCC_WARN_UNDECLARED_SELECTOR = YES;
				GCC_WARN_UNINITIALIZED_AUTOS = YES_AGGRESSIVE;
				GCC_WARN_UNUSED_FUNCTION = YES;
				GCC_WARN_UNUSED_VARIABLE = YES;
				IPHONEOS_DEPLOYMENT_TARGET = 13.2;
				MTL_ENABLE_DEBUG_INFO = NO;
				MTL_FAST_MATH = YES;
				SDKROOT = iphoneos;
				SWIFT_COMPILATION_MODE = wholemodule;
				SWIFT_OPTIMIZATION_LEVEL = "-O";
				VALIDATE_PRODUCT = YES;
			};
			name = Release;
		};
		4D4E234623E456D2006009A6 /* Debug */ = {
			isa = XCBuildConfiguration;
			buildSettings = {
				ASSETCATALOG_COMPILER_APPICON_NAME = AppIcon;
				CODE_SIGN_STYLE = Automatic;
				DEVELOPMENT_TEAM = VK5U3P84R8;
				INFOPLIST_FILE = GitHubTest/Info.plist;
				LD_RUNPATH_SEARCH_PATHS = (
					"$(inherited)",
					"@executable_path/Frameworks",
				);
				PRODUCT_BUNDLE_IDENTIFIER = bruh.GitHubTest;
				PRODUCT_NAME = "$(TARGET_NAME)";
				SWIFT_VERSION = 5.0;
				TARGETED_DEVICE_FAMILY = "1,2";
			};
			name = Debug;
		};
		4D4E234723E456D2006009A6 /* Release */ = {
			isa = XCBuildConfiguration;
			buildSettings = {
				ASSETCATALOG_COMPILER_APPICON_NAME = AppIcon;
				CODE_SIGN_STYLE = Automatic;
				DEVELOPMENT_TEAM = VK5U3P84R8;
				INFOPLIST_FILE = GitHubTest/Info.plist;
				LD_RUNPATH_SEARCH_PATHS = (
					"$(inherited)",
					"@executable_path/Frameworks",
				);
				PRODUCT_BUNDLE_IDENTIFIER = bruh.GitHubTest;
				PRODUCT_NAME = "$(TARGET_NAME)";
				SWIFT_VERSION = 5.0;
				TARGETED_DEVICE_FAMILY = "1,2";
			};
			name = Release;
		};
		4D4E234923E456D2006009A6 /* Debug */ = {
			isa = XCBuildConfiguration;
			buildSettings = {
				ALWAYS_EMBED_SWIFT_STANDARD_LIBRARIES = YES;
				BUNDLE_LOADER = "$(TEST_HOST)";
				CODE_SIGN_STYLE = Automatic;
				DEVELOPMENT_TEAM = VK5U3P84R8;
				INFOPLIST_FILE = GitHubTestTests/Info.plist;
				IPHONEOS_DEPLOYMENT_TARGET = 13.2;
				LD_RUNPATH_SEARCH_PATHS = (
					"$(inherited)",
					"@executable_path/Frameworks",
					"@loader_path/Frameworks",
				);
				PRODUCT_BUNDLE_IDENTIFIER = bruh.GitHubTestTests;
				PRODUCT_NAME = "$(TARGET_NAME)";
				SWIFT_VERSION = 5.0;
				TARGETED_DEVICE_FAMILY = "1,2";
				TEST_HOST = "$(BUILT_PRODUCTS_DIR)/GitHubTest.app/GitHubTest";
			};
			name = Debug;
		};
		4D4E234A23E456D2006009A6 /* Release */ = {
			isa = XCBuildConfiguration;
			buildSettings = {
				ALWAYS_EMBED_SWIFT_STANDARD_LIBRARIES = YES;
				BUNDLE_LOADER = "$(TEST_HOST)";
				CODE_SIGN_STYLE = Automatic;
				DEVELOPMENT_TEAM = VK5U3P84R8;
				INFOPLIST_FILE = GitHubTestTests/Info.plist;
				IPHONEOS_DEPLOYMENT_TARGET = 13.2;
				LD_RUNPATH_SEARCH_PATHS = (
					"$(inherited)",
					"@executable_path/Frameworks",
					"@loader_path/Frameworks",
				);
				PRODUCT_BUNDLE_IDENTIFIER = bruh.GitHubTestTests;
				PRODUCT_NAME = "$(TARGET_NAME)";
				SWIFT_VERSION = 5.0;
				TARGETED_DEVICE_FAMILY = "1,2";
				TEST_HOST = "$(BUILT_PRODUCTS_DIR)/GitHubTest.app/GitHubTest";
			};
			name = Release;
		};
		4D4E234C23E456D2006009A6 /* Debug */ = {
			isa = XCBuildConfiguration;
			buildSettings = {
				ALWAYS_EMBED_SWIFT_STANDARD_LIBRARIES = YES;
				CODE_SIGN_STYLE = Automatic;
				DEVELOPMENT_TEAM = VK5U3P84R8;
				INFOPLIST_FILE = GitHubTestUITests/Info.plist;
				LD_RUNPATH_SEARCH_PATHS = (
					"$(inherited)",
					"@executable_path/Frameworks",
					"@loader_path/Frameworks",
				);
				PRODUCT_BUNDLE_IDENTIFIER = bruh.GitHubTestUITests;
				PRODUCT_NAME = "$(TARGET_NAME)";
				SWIFT_VERSION = 5.0;
				TARGETED_DEVICE_FAMILY = "1,2";
				TEST_TARGET_NAME = GitHubTest;
			};
			name = Debug;
		};
		4D4E234D23E456D2006009A6 /* Release */ = {
			isa = XCBuildConfiguration;
			buildSettings = {
				ALWAYS_EMBED_SWIFT_STANDARD_LIBRARIES = YES;
				CODE_SIGN_STYLE = Automatic;
				DEVELOPMENT_TEAM = VK5U3P84R8;
				INFOPLIST_FILE = GitHubTestUITests/Info.plist;
				LD_RUNPATH_SEARCH_PATHS = (
					"$(inherited)",
					"@executable_path/Frameworks",
					"@loader_path/Frameworks",
				);
				PRODUCT_BUNDLE_IDENTIFIER = bruh.GitHubTestUITests;
				PRODUCT_NAME = "$(TARGET_NAME)";
				SWIFT_VERSION = 5.0;
				TARGETED_DEVICE_FAMILY = "1,2";
				TEST_TARGET_NAME = GitHubTest;
			};
			name = Release;
		};
/* End XCBuildConfiguration section */

/* Begin XCConfigurationList section */
		4D4E231623E456CA006009A6 /* Build configuration list for PBXProject "GitHubTest" */ = {
			isa = XCConfigurationList;
			buildConfigurations = (
				4D4E234323E456D2006009A6 /* Debug */,
				4D4E234423E456D2006009A6 /* Release */,
			);
			defaultConfigurationIsVisible = 0;
			defaultConfigurationName = Release;
		};
		4D4E234523E456D2006009A6 /* Build configuration list for PBXNativeTarget "GitHubTest" */ = {
			isa = XCConfigurationList;
			buildConfigurations = (
				4D4E234623E456D2006009A6 /* Debug */,
				4D4E234723E456D2006009A6 /* Release */,
			);
			defaultConfigurationIsVisible = 0;
			defaultConfigurationName = Release;
		};
		4D4E234823E456D2006009A6 /* Build configuration list for PBXNativeTarget "GitHubTestTests" */ = {
			isa = XCConfigurationList;
			buildConfigurations = (
				4D4E234923E456D2006009A6 /* Debug */,
				4D4E234A23E456D2006009A6 /* Release */,
			);
			defaultConfigurationIsVisible = 0;
			defaultConfigurationName = Release;
		};
		4D4E234B23E456D2006009A6 /* Build configuration list for PBXNativeTarget "GitHubTestUITests" */ = {
			isa = XCConfigurationList;
			buildConfigurations = (
				4D4E234C23E456D2006009A6 /* Debug */,
				4D4E234D23E456D2006009A6 /* Release */,
			);
			defaultConfigurationIsVisible = 0;
			defaultConfigurationName = Release;
		};
/* End XCConfigurationList section */
	};
	rootObject = 4D4E231323E456CA006009A6 /* Project object */;
}
